
Microsoft Visual Studio Solution File, Format Version 12.00
# Visual Studio Version 16
VisualStudioVersion = 16.0.31129.286
MinimumVisualStudioVersion = 10.0.40219.1
Project("{9A19103F-16F7-4668-BE54-9A1E7A4F7556}") = "01-ByteBank", "01-ByteBank\01-ByteBank.csproj", "{444C556B-F07A-4350-9037-2A05E343B013}"
EndProject
Project("{9A19103F-16F7-4668-BE54-9A1E7A4F7556}") = "02-ByteBank", "02-BiteBank\02-ByteBank.csproj", "{37958661-8F9D-4B5E-ADCC-B0E3B4835C07}"
EndProject
Project("{9A19103F-16F7-4668-BE54-9A1E7A4F7556}") = "03-ByteBank", "03-ByteBank\03-ByteBank.csproj", "{8608FC7E-26F0-4CC7-BD05-63B3D5B9DC3E}"
EndProject
Project("{9A19103F-16F7-4668-BE54-9A1E7A4F7556}") = "04-ByteBank", "04-ByteBank\04-ByteBank.csproj", "{5D4A3EBB-1FBE-42F7-B101-5CADE47F0E80}"
EndProject
Project("{9A19103F-16F7-4668-BE54-9A1E7A4F7556}") = "05-ByteBank", "05-ByteBank\05-ByteBank.csproj", "{06B9C898-9B02-4408-9013-218D846BF1C9}"
EndProject
Project("{FAE04EC0-301F-11D3-BF4B-00C04F79EFBC}") = "06-ByteBank", "06-ByteBank\06-ByteBank.csproj", "{5E0DE542-00FE-4FBB-928C-E370E949F99F}"
EndProject
Project("{FAE04EC0-301F-11D3-BF4B-00C04F79EFBC}") = "07-ByteBank", "07-ByteBank\07-ByteBank.csproj", "{907D3FE2-C795-405F-B5CF-03174AB3059B}"
EndProject
Global
	GlobalSection(SolutionConfigurationPlatforms) = preSolution
		Debug|Any CPU = Debug|Any CPU
		Release|Any CPU = Release|Any CPU
	EndGlobalSection
	GlobalSection(ProjectConfigurationPlatforms) = postSolution
		{444C556B-F07A-4350-9037-2A05E343B013}.Debug|Any CPU.ActiveCfg = Debug|Any CPU
		{444C556B-F07A-4350-9037-2A05E343B013}.Debug|Any CPU.Build.0 = Debug|Any CPU
		{444C556B-F07A-4350-9037-2A05E343B013}.Release|Any CPU.ActiveCfg = Release|Any CPU
		{444C556B-F07A-4350-9037-2A05E343B013}.Release|Any CPU.Build.0 = Release|Any CPU
		{37958661-8F9D-4B5E-ADCC-B0E3B4835C07}.Debug|Any CPU.ActiveCfg = Debug|Any CPU
		{37958661-8F9D-4B5E-ADCC-B0E3B4835C07}.Debug|Any CPU.Build.0 = Debug|Any CPU
		{37958661-8F9D-4B5E-ADCC-B0E3B4835C07}.Release|Any CPU.ActiveCfg = Release|Any CPU
		{37958661-8F9D-4B5E-ADCC-B0E3B4835C07}.Release|Any CPU.Build.0 = Release|Any CPU
		{8608FC7E-26F0-4CC7-BD05-63B3D5B9DC3E}.Debug|Any CPU.ActiveCfg = Debug|Any CPU
		{8608FC7E-26F0-4CC7-BD05-63B3D5B9DC3E}.Debug|Any CPU.Build.0 = Debug|Any CPU
		{8608FC7E-26F0-4CC7-BD05-63B3D5B9DC3E}.Release|Any CPU.ActiveCfg = Release|Any CPU
		{8608FC7E-26F0-4CC7-BD05-63B3D5B9DC3E}.Release|Any CPU.Build.0 = Release|Any CPU
		{5D4A3EBB-1FBE-42F7-B101-5CADE47F0E80}.Debug|Any CPU.ActiveCfg = Debug|Any CPU
		{5D4A3EBB-1FBE-42F7-B101-5CADE47F0E80}.Debug|Any CPU.Build.0 = Debug|Any CPU
		{5D4A3EBB-1FBE-42F7-B101-5CADE47F0E80}.Release|Any CPU.ActiveCfg = Release|Any CPU
		{5D4A3EBB-1FBE-42F7-B101-5CADE47F0E80}.Release|Any CPU.Build.0 = Release|Any CPU
		{06B9C898-9B02-4408-9013-218D846BF1C9}.Debug|Any CPU.ActiveCfg = Debug|Any CPU
		{06B9C898-9B02-4408-9013-218D846BF1C9}.Debug|Any CPU.Build.0 = Debug|Any CPU
		{06B9C898-9B02-4408-9013-218D846BF1C9}.Release|Any CPU.ActiveCfg = Release|Any CPU
		{06B9C898-9B02-4408-9013-218D846BF1C9}.Release|Any CPU.Build.0 = Release|Any CPU
		{5E0DE542-00FE-4FBB-928C-E370E949F99F}.Debug|Any CPU.ActiveCfg = Debug|Any CPU
		{5E0DE542-00FE-4FBB-928C-E370E949F99F}.Debug|Any CPU.Build.0 = Debug|Any CPU
		{5E0DE542-00FE-4FBB-928C-E370E949F99F}.Release|Any CPU.ActiveCfg = Release|Any CPU
		{5E0DE542-00FE-4FBB-928C-E370E949F99F}.Release|Any CPU.Build.0 = Release|Any CPU
		{907D3FE2-C795-405F-B5CF-03174AB3059B}.Debug|Any CPU.ActiveCfg = Debug|Any CPU
		{907D3FE2-C795-405F-B5CF-03174AB3059B}.Debug|Any CPU.Build.0 = Debug|Any CPU
		{907D3FE2-C795-405F-B5CF-03174AB3059B}.Release|Any CPU.ActiveCfg = Release|Any CPU
		{907D3FE2-C795-405F-B5CF-03174AB3059B}.Release|Any CPU.Build.0 = Release|Any CPU
	EndGlobalSection
	GlobalSection(SolutionProperties) = preSolution
		HideSolutionNode = FALSE
	EndGlobalSection
	GlobalSection(ExtensibilityGlobals) = postSolution
		SolutionGuid = {E8AB4901-E2AB-4FCF-9F14-3154BE66F759}
	EndGlobalSection
EndGlobal
